
Microsoft Visual Studio Solution File, Format Version 12.00
# Visual Studio Version 16
VisualStudioVersion = 16.0.29905.134
MinimumVisualStudioVersion = 10.0.40219.1
Project("{FAE04EC0-301F-11D3-BF4B-00C04F79EFBC}") = "Shares.Web", "Shares.Web\Shares.Web.csproj", "{D36E13AF-83F0-49ED-9DCD-001C8CE130E8}"
EndProject
Project("{FAE04EC0-301F-11D3-BF4B-00C04F79EFBC}") = "Shares.Core", "Shares.Core\Shares.Core.csproj", "{7246E209-A046-45DC-A640-61E4D9B94A7E}"
EndProject
Project("{FAE04EC0-301F-11D3-BF4B-00C04F79EFBC}") = "Shares.Users", "Shares.Users\Shares.Users.csproj", "{3FA40020-7488-4E69-A6D8-78424EC79AFE}"
EndProject
Global
	GlobalSection(SolutionConfigurationPlatforms) = preSolution
		Debug|Any CPU = Debug|Any CPU
		Release|Any CPU = Release|Any CPU
	EndGlobalSection
	GlobalSection(ProjectConfigurationPlatforms) = postSolution
		{D36E13AF-83F0-49ED-9DCD-001C8CE130E8}.Debug|Any CPU.ActiveCfg = Debug|Any CPU
		{D36E13AF-83F0-49ED-9DCD-001C8CE130E8}.Debug|Any CPU.Build.0 = Debug|Any CPU
		{D36E13AF-83F0-49ED-9DCD-001C8CE130E8}.Release|Any CPU.ActiveCfg = Release|Any CPU
		{D36E13AF-83F0-49ED-9DCD-001C8CE130E8}.Release|Any CPU.Build.0 = Release|Any CPU
		{7246E209-A046-45DC-A640-61E4D9B94A7E}.Debug|Any CPU.ActiveCfg = Debug|Any CPU
		{7246E209-A046-45DC-A640-61E4D9B94A7E}.Debug|Any CPU.Build.0 = Debug|Any CPU
		{7246E209-A046-45DC-A640-61E4D9B94A7E}.Release|Any CPU.ActiveCfg = Release|Any CPU
		{7246E209-A046-45DC-A640-61E4D9B94A7E}.Release|Any CPU.Build.0 = Release|Any CPU
		{3FA40020-7488-4E69-A6D8-78424EC79AFE}.Debug|Any CPU.ActiveCfg = Debug|Any CPU
		{3FA40020-7488-4E69-A6D8-78424EC79AFE}.Debug|Any CPU.Build.0 = Debug|Any CPU
		{3FA40020-7488-4E69-A6D8-78424EC79AFE}.Release|Any CPU.ActiveCfg = Release|Any CPU
		{3FA40020-7488-4E69-A6D8-78424EC79AFE}.Release|Any CPU.Build.0 = Release|Any CPU
	EndGlobalSection
	GlobalSection(SolutionProperties) = preSolution
		HideSolutionNode = FALSE
	EndGlobalSection
	GlobalSection(ExtensibilityGlobals) = postSolution
		SolutionGuid = {826F6782-AB6E-4BFA-BF0E-3511E7D66F16}
	EndGlobalSection
EndGlobal
