
Microsoft Visual Studio Solution File, Format Version 12.00
# Visual Studio Version 16
VisualStudioVersion = 16.0.29905.134
MinimumVisualStudioVersion = 10.0.40219.1
Project("{9A19103F-16F7-4668-BE54-9A1E7A4F7556}") = "Shares.Web", "Shares.Web\Shares.Web.csproj", "{D36E13AF-83F0-49ED-9DCD-001C8CE130E8}"
EndProject
Project("{9A19103F-16F7-4668-BE54-9A1E7A4F7556}") = "Shares.Core", "Shares.Core\Shares.Core.csproj", "{7246E209-A046-45DC-A640-61E4D9B94A7E}"
EndProject
Project("{9A19103F-16F7-4668-BE54-9A1E7A4F7556}") = "Shares.Users", "Shares.Users\Shares.Users.csproj", "{3FA40020-7488-4E69-A6D8-78424EC79AFE}"
EndProject
Project("{2150E333-8FDC-42A3-9474-1A3956D46DE8}") = "Auth", "Auth", "{5E922423-4AB7-47C2-B5DC-82CB34029EC1}"
EndProject
Project("{9A19103F-16F7-4668-BE54-9A1E7A4F7556}") = "Infrastructure", "Auth\Infrastructure\Infrastructure.csproj", "{995F5634-063F-4A82-BB7C-DC1A7C321D7D}"
EndProject
Project("{9A19103F-16F7-4668-BE54-9A1E7A4F7556}") = "Domain", "Auth\Domain\Domain.csproj", "{D31A1B81-A491-4BAD-92D5-A8429518A0EC}"
EndProject
Project("{9A19103F-16F7-4668-BE54-9A1E7A4F7556}") = "Infrastructure.Test", "Auth\Infrastructure.Test\Infrastructure.Test.csproj", "{BA529ED4-74DD-437F-9121-44306768C8DF}"
EndProject
Project("{9A19103F-16F7-4668-BE54-9A1E7A4F7556}") = "API", "Auth\API\API.csproj", "{FB94FD47-A65F-4661-8C54-F3B6E1A6867C}"
EndProject
Project("{9A19103F-16F7-4668-BE54-9A1E7A4F7556}") = "Core.Tests", "Core.Tests\Core.Tests.csproj", "{67A74EC8-C2D9-4BD6-88F1-8DF7EC12128B}"
EndProject
Project("{2150E333-8FDC-42A3-9474-1A3956D46DE8}") = "AWS", "AWS", "{1D25CA9E-C5BC-4698-9992-8EA069444E65}"
EndProject
Project("{9A19103F-16F7-4668-BE54-9A1E7A4F7556}") = "AWS", "AWS\AWS\AWS.csproj", "{70414EB0-5B7C-4B02-BC3E-836FF8693FA0}"
EndProject
Global
	GlobalSection(SolutionConfigurationPlatforms) = preSolution
		Debug|Any CPU = Debug|Any CPU
		Release|Any CPU = Release|Any CPU
	EndGlobalSection
	GlobalSection(ProjectConfigurationPlatforms) = postSolution
		{D36E13AF-83F0-49ED-9DCD-001C8CE130E8}.Debug|Any CPU.ActiveCfg = Debug|Any CPU
		{D36E13AF-83F0-49ED-9DCD-001C8CE130E8}.Debug|Any CPU.Build.0 = Debug|Any CPU
		{D36E13AF-83F0-49ED-9DCD-001C8CE130E8}.Release|Any CPU.ActiveCfg = Release|Any CPU
		{D36E13AF-83F0-49ED-9DCD-001C8CE130E8}.Release|Any CPU.Build.0 = Release|Any CPU
		{7246E209-A046-45DC-A640-61E4D9B94A7E}.Debug|Any CPU.ActiveCfg = Debug|Any CPU
		{7246E209-A046-45DC-A640-61E4D9B94A7E}.Debug|Any CPU.Build.0 = Debug|Any CPU
		{7246E209-A046-45DC-A640-61E4D9B94A7E}.Release|Any CPU.ActiveCfg = Release|Any CPU
		{7246E209-A046-45DC-A640-61E4D9B94A7E}.Release|Any CPU.Build.0 = Release|Any CPU
		{3FA40020-7488-4E69-A6D8-78424EC79AFE}.Debug|Any CPU.ActiveCfg = Debug|Any CPU
		{3FA40020-7488-4E69-A6D8-78424EC79AFE}.Debug|Any CPU.Build.0 = Debug|Any CPU
		{3FA40020-7488-4E69-A6D8-78424EC79AFE}.Release|Any CPU.ActiveCfg = Release|Any CPU
		{3FA40020-7488-4E69-A6D8-78424EC79AFE}.Release|Any CPU.Build.0 = Release|Any CPU
		{995F5634-063F-4A82-BB7C-DC1A7C321D7D}.Debug|Any CPU.ActiveCfg = Debug|Any CPU
		{995F5634-063F-4A82-BB7C-DC1A7C321D7D}.Debug|Any CPU.Build.0 = Debug|Any CPU
		{995F5634-063F-4A82-BB7C-DC1A7C321D7D}.Release|Any CPU.ActiveCfg = Release|Any CPU
		{995F5634-063F-4A82-BB7C-DC1A7C321D7D}.Release|Any CPU.Build.0 = Release|Any CPU
		{D31A1B81-A491-4BAD-92D5-A8429518A0EC}.Debug|Any CPU.ActiveCfg = Debug|Any CPU
		{D31A1B81-A491-4BAD-92D5-A8429518A0EC}.Debug|Any CPU.Build.0 = Debug|Any CPU
		{D31A1B81-A491-4BAD-92D5-A8429518A0EC}.Release|Any CPU.ActiveCfg = Release|Any CPU
		{D31A1B81-A491-4BAD-92D5-A8429518A0EC}.Release|Any CPU.Build.0 = Release|Any CPU
		{BA529ED4-74DD-437F-9121-44306768C8DF}.Debug|Any CPU.ActiveCfg = Debug|Any CPU
		{BA529ED4-74DD-437F-9121-44306768C8DF}.Debug|Any CPU.Build.0 = Debug|Any CPU
		{BA529ED4-74DD-437F-9121-44306768C8DF}.Release|Any CPU.ActiveCfg = Release|Any CPU
		{BA529ED4-74DD-437F-9121-44306768C8DF}.Release|Any CPU.Build.0 = Release|Any CPU
		{FB94FD47-A65F-4661-8C54-F3B6E1A6867C}.Debug|Any CPU.ActiveCfg = Debug|Any CPU
		{FB94FD47-A65F-4661-8C54-F3B6E1A6867C}.Debug|Any CPU.Build.0 = Debug|Any CPU
		{FB94FD47-A65F-4661-8C54-F3B6E1A6867C}.Release|Any CPU.ActiveCfg = Release|Any CPU
		{FB94FD47-A65F-4661-8C54-F3B6E1A6867C}.Release|Any CPU.Build.0 = Release|Any CPU
		{67A74EC8-C2D9-4BD6-88F1-8DF7EC12128B}.Debug|Any CPU.ActiveCfg = Debug|Any CPU
		{67A74EC8-C2D9-4BD6-88F1-8DF7EC12128B}.Debug|Any CPU.Build.0 = Debug|Any CPU
		{67A74EC8-C2D9-4BD6-88F1-8DF7EC12128B}.Release|Any CPU.ActiveCfg = Release|Any CPU
		{67A74EC8-C2D9-4BD6-88F1-8DF7EC12128B}.Release|Any CPU.Build.0 = Release|Any CPU
		{70414EB0-5B7C-4B02-BC3E-836FF8693FA0}.Debug|Any CPU.ActiveCfg = Debug|Any CPU
		{70414EB0-5B7C-4B02-BC3E-836FF8693FA0}.Debug|Any CPU.Build.0 = Debug|Any CPU
		{70414EB0-5B7C-4B02-BC3E-836FF8693FA0}.Release|Any CPU.ActiveCfg = Release|Any CPU
		{70414EB0-5B7C-4B02-BC3E-836FF8693FA0}.Release|Any CPU.Build.0 = Release|Any CPU
	EndGlobalSection
	GlobalSection(SolutionProperties) = preSolution
		HideSolutionNode = FALSE
	EndGlobalSection
	GlobalSection(NestedProjects) = preSolution
		{995F5634-063F-4A82-BB7C-DC1A7C321D7D} = {5E922423-4AB7-47C2-B5DC-82CB34029EC1}
		{D31A1B81-A491-4BAD-92D5-A8429518A0EC} = {5E922423-4AB7-47C2-B5DC-82CB34029EC1}
		{BA529ED4-74DD-437F-9121-44306768C8DF} = {5E922423-4AB7-47C2-B5DC-82CB34029EC1}
		{FB94FD47-A65F-4661-8C54-F3B6E1A6867C} = {5E922423-4AB7-47C2-B5DC-82CB34029EC1}
		{70414EB0-5B7C-4B02-BC3E-836FF8693FA0} = {1D25CA9E-C5BC-4698-9992-8EA069444E65}
	EndGlobalSection
	GlobalSection(ExtensibilityGlobals) = postSolution
		SolutionGuid = {826F6782-AB6E-4BFA-BF0E-3511E7D66F16}
	EndGlobalSection
EndGlobal
